{
  "name": "composants",
  "lockfileVersion": 2,
  "requires": true,
  "packages": {
    "": {
      "dependencies": {
        "web-particles": "^1.10.5"
      }
    },
    "node_modules/tsparticles": {
      "version": "1.37.5",
      "resolved": "https://registry.npmjs.org/tsparticles/-/tsparticles-1.37.5.tgz",
      "integrity": "sha512-BQBRnnKKhKH2POwxuHzPiuL/zPUjuR5QmMCFQ2vm3fadE2k4vqmH099m1R9R+nt0lTvWL6SCS0hYQQkqUjsMXg==",
      "hasInstallScript": true,
      "funding": {
        "type": "github",
        "url": "https://github.com/sponsors/matteobruni"
      }
    },
    "node_modules/web-particles": {
      "version": "1.10.5",
      "resolved": "https://registry.npmjs.org/web-particles/-/web-particles-1.10.5.tgz",
      "integrity": "sha512-xSGl/lMERZjkjoeABvo/nhl3tHGYBX5id84oNj1/mN2SxMatrysEVCIMJ1DgceA6PVNXewr2tNpvNpLyNteHlQ==",
      "dependencies": {
        "tsparticles": "^1.37.5"
      },
      "funding": {
        "type": "github",
        "url": "https://github.com/sponsors/matteobruni"
      }
    }
  },
  "dependencies": {
    "tsparticles": {
      "version": "1.37.5",
      "resolved": "https://registry.npmjs.org/tsparticles/-/tsparticles-1.37.5.tgz",
      "integrity": "sha512-BQBRnnKKhKH2POwxuHzPiuL/zPUjuR5QmMCFQ2vm3fadE2k4vqmH099m1R9R+nt0lTvWL6SCS0hYQQkqUjsMXg=="
    },
    "web-particles": {
      "version": "1.10.5",
      "resolved": "https://registry.npmjs.org/web-particles/-/web-particles-1.10.5.tgz",
      "integrity": "sha512-xSGl/lMERZjkjoeABvo/nhl3tHGYBX5id84oNj1/mN2SxMatrysEVCIMJ1DgceA6PVNXewr2tNpvNpLyNteHlQ==",
      "requires": {
        "tsparticles": "^1.37.5"
      }
    }
  }
}
